<Solution>
  <Project Path="01-fraction/fraction.csproj" />
  <Project Path="02-ford-circles/ford-circles.csproj" />
  <Project Path="03-treppenbemessung/treppenbemessung.csproj" />
  <Project Path="04-paint/paint.csproj" />
  <Project Path="05-fixpunktiteration/fixpunktiteration.csproj" />
</Solution>
