<Solution>
  <Folder Name="/01-variablen/">
    <Project Path="01-variablen/variablen.csproj" />
  </Folder>
  <Folder Name="/02-rechnen/">
    <Project Path="02-rechnen/rechnen.csproj" />
  </Folder>
  <Folder Name="/03-quadratische-gleichung/">
    <Project Path="03-quadratische-gleichung/quadratische-gleichung.csproj" />
  </Folder>
  <Folder Name="/04-hallenrechner/">
    <Project Path="04-hallenrechner/hallenrechner.csproj" />
  </Folder>
</Solution>
