<Solution>
  <Project Path="01-klassifizierung/klassifizierung.csproj" />
  <Project Path="02-heron-grafik/heron-grafik.csproj" />
  <Project Path="02-heron/heron.csproj" />
  <Project Path="03-integration-grafik/integration-grafik.csproj" />
  <Project Path="03-integration/integration.csproj" />
  <Project Path="04-schaltjahre/schaltjahre.csproj" />
</Solution>
