<Solution>
  <Project Path="03-treppenbemessung-01/treppenbemessung-01.csproj" />
  <Project Path="03-treppenbemessung-02/treppenbemessung-02.csproj" />
  <Project Path="03-treppenbemessung-03/treppenbemessung-03.csproj" />
  <Project Path="03-treppenbemessung-04/treppenbemessung-04.csproj" />
  <Project Path="03-treppenbemessung-05/treppenbemessung-05.csproj" />
</Solution>
