<Solution>
  <Folder Name="/01-value-types/">
    <Project Path="01-value-types/value-types.csproj" />
  </Folder>
  <Folder Name="/02-reference-types-1/">
    <Project Path="02-reference-types-1/reference-types.csproj" />
  </Folder>
  <Folder Name="/03-reference-types-2/">
    <Project Path="03-reference-types-2/reference-types.csproj" />
  </Folder>
</Solution>
